// !$*UTF8*$!
{
	archiveVersion = 1;
	classes = {
	};
	objectVersion = 55;
	objects = {

/* Begin PBXBuildFile section */
		03439B6E2848E6BF004C2CED /* AppDelegate.swift in Sources */ = {isa = PBXBuildFile; fileRef = 03439B6D2848E6BF004C2CED /* AppDelegate.swift */; };
		03439B702848E6BF004C2CED /* SceneDelegate.swift in Sources */ = {isa = PBXBuildFile; fileRef = 03439B6F2848E6BF004C2CED /* SceneDelegate.swift */; };
		03439B772848E6C1004C2CED /* Assets.xcassets in Resources */ = {isa = PBXBuildFile; fileRef = 03439B762848E6C1004C2CED /* Assets.xcassets */; };
		03439B7A2848E6C1004C2CED /* LaunchScreen.storyboard in Resources */ = {isa = PBXBuildFile; fileRef = 03439B782848E6C1004C2CED /* LaunchScreen.storyboard */; };
		03439B852848E6C1004C2CED /* MVVMExampleTests.swift in Sources */ = {isa = PBXBuildFile; fileRef = 03439B842848E6C1004C2CED /* MVVMExampleTests.swift */; };
		03439B8F2848E6C1004C2CED /* MVVMExampleUITests.swift in Sources */ = {isa = PBXBuildFile; fileRef = 03439B8E2848E6C1004C2CED /* MVVMExampleUITests.swift */; };
		03439B912848E6C1004C2CED /* MVVMExampleUITestsLaunchTests.swift in Sources */ = {isa = PBXBuildFile; fileRef = 03439B902848E6C1004C2CED /* MVVMExampleUITestsLaunchTests.swift */; };
		0383280C2848F098005F0837 /* Contact.swift in Sources */ = {isa = PBXBuildFile; fileRef = 0383280B2848F098005F0837 /* Contact.swift */; };
		038328102848F11A005F0837 /* ContactList.storyboard in Resources */ = {isa = PBXBuildFile; fileRef = 0383280F2848F11A005F0837 /* ContactList.storyboard */; };
		0383281228490A45005F0837 /* ContactListViewController.swift in Sources */ = {isa = PBXBuildFile; fileRef = 0383281128490A45005F0837 /* ContactListViewController.swift */; };
		0383281728490D49005F0837 /* ContactCell.xib in Resources */ = {isa = PBXBuildFile; fileRef = 0383281628490D49005F0837 /* ContactCell.xib */; };
		0383281928490D77005F0837 /* ContactCell.swift in Sources */ = {isa = PBXBuildFile; fileRef = 0383281828490D77005F0837 /* ContactCell.swift */; };
		0383281B2849111B005F0837 /* ContactListDataSource.swift in Sources */ = {isa = PBXBuildFile; fileRef = 0383281A2849111B005F0837 /* ContactListDataSource.swift */; };
		0383281F2849279F005F0837 /* ContactListFlowLayout.swift in Sources */ = {isa = PBXBuildFile; fileRef = 0383281E2849279F005F0837 /* ContactListFlowLayout.swift */; };
		03C5DA71284A4287002F8B72 /* ContactForm.storyboard in Resources */ = {isa = PBXBuildFile; fileRef = 03C5DA70284A4287002F8B72 /* ContactForm.storyboard */; };
		03C5DA73284A42D2002F8B72 /* ContactFormViewController.swift in Sources */ = {isa = PBXBuildFile; fileRef = 03C5DA72284A42D2002F8B72 /* ContactFormViewController.swift */; };
		03C5DA77284A6EAB002F8B72 /* FormPagesView.swift in Sources */ = {isa = PBXBuildFile; fileRef = 03C5DA76284A6EAB002F8B72 /* FormPagesView.swift */; };
		03C5DA7B284A7003002F8B72 /* FormPageOneViewController.swift in Sources */ = {isa = PBXBuildFile; fileRef = 03C5DA7A284A7003002F8B72 /* FormPageOneViewController.swift */; };
		03C5DA7D284A701E002F8B72 /* FormPageOne.xib in Resources */ = {isa = PBXBuildFile; fileRef = 03C5DA7C284A701E002F8B72 /* FormPageOne.xib */; };
		03C5DA7F284A7030002F8B72 /* FormPageTwoViewController.swift in Sources */ = {isa = PBXBuildFile; fileRef = 03C5DA7E284A7030002F8B72 /* FormPageTwoViewController.swift */; };
		03C5DA81284A703D002F8B72 /* FormPageTwo.xib in Resources */ = {isa = PBXBuildFile; fileRef = 03C5DA80284A703D002F8B72 /* FormPageTwo.xib */; };
/* End PBXBuildFile section */

/* Begin PBXContainerItemProxy section */
		03439B812848E6C1004C2CED /* PBXContainerItemProxy */ = {
			isa = PBXContainerItemProxy;
			containerPortal = 03439B622848E6BF004C2CED /* Project object */;
			proxyType = 1;
			remoteGlobalIDString = 03439B692848E6BF004C2CED;
			remoteInfo = MVVMExample;
		};
		03439B8B2848E6C1004C2CED /* PBXContainerItemProxy */ = {
			isa = PBXContainerItemProxy;
			containerPortal = 03439B622848E6BF004C2CED /* Project object */;
			proxyType = 1;
			remoteGlobalIDString = 03439B692848E6BF004C2CED;
			remoteInfo = MVVMExample;
		};
/* End PBXContainerItemProxy section */

/* Begin PBXFileReference section */
		03439B6A2848E6BF004C2CED /* MVVMExample.app */ = {isa = PBXFileReference; explicitFileType = wrapper.application; includeInIndex = 0; path = MVVMExample.app; sourceTree = BUILT_PRODUCTS_DIR; };
		03439B6D2848E6BF004C2CED /* AppDelegate.swift */ = {isa = PBXFileReference; lastKnownFileType = sourcecode.swift; path = AppDelegate.swift; sourceTree = "<group>"; };
		03439B6F2848E6BF004C2CED /* SceneDelegate.swift */ = {isa = PBXFileReference; lastKnownFileType = sourcecode.swift; path = SceneDelegate.swift; sourceTree = "<group>"; };
		03439B762848E6C1004C2CED /* Assets.xcassets */ = {isa = PBXFileReference; lastKnownFileType = folder.assetcatalog; path = Assets.xcassets; sourceTree = "<group>"; };
		03439B792848E6C1004C2CED /* Base */ = {isa = PBXFileReference; lastKnownFileType = file.storyboard; name = Base; path = Base.lproj/LaunchScreen.storyboard; sourceTree = "<group>"; };
		03439B7B2848E6C1004C2CED /* Info.plist */ = {isa = PBXFileReference; lastKnownFileType = text.plist.xml; path = Info.plist; sourceTree = "<group>"; };
		03439B802848E6C1004C2CED /* MVVMExampleTests.xctest */ = {isa = PBXFileReference; explicitFileType = wrapper.cfbundle; includeInIndex = 0; path = MVVMExampleTests.xctest; sourceTree = BUILT_PRODUCTS_DIR; };
		03439B842848E6C1004C2CED /* MVVMExampleTests.swift */ = {isa = PBXFileReference; lastKnownFileType = sourcecode.swift; path = MVVMExampleTests.swift; sourceTree = "<group>"; };
		03439B8A2848E6C1004C2CED /* MVVMExampleUITests.xctest */ = {isa = PBXFileReference; explicitFileType = wrapper.cfbundle; includeInIndex = 0; path = MVVMExampleUITests.xctest; sourceTree = BUILT_PRODUCTS_DIR; };
		03439B8E2848E6C1004C2CED /* MVVMExampleUITests.swift */ = {isa = PBXFileReference; lastKnownFileType = sourcecode.swift; path = MVVMExampleUITests.swift; sourceTree = "<group>"; };
		03439B902848E6C1004C2CED /* MVVMExampleUITestsLaunchTests.swift */ = {isa = PBXFileReference; lastKnownFileType = sourcecode.swift; path = MVVMExampleUITestsLaunchTests.swift; sourceTree = "<group>"; };
		0383280B2848F098005F0837 /* Contact.swift */ = {isa = PBXFileReference; lastKnownFileType = sourcecode.swift; path = Contact.swift; sourceTree = "<group>"; };
		0383280F2848F11A005F0837 /* ContactList.storyboard */ = {isa = PBXFileReference; lastKnownFileType = file.storyboard; path = ContactList.storyboard; sourceTree = "<group>"; };
		0383281128490A45005F0837 /* ContactListViewController.swift */ = {isa = PBXFileReference; lastKnownFileType = sourcecode.swift; path = ContactListViewController.swift; sourceTree = "<group>"; };
		0383281628490D49005F0837 /* ContactCell.xib */ = {isa = PBXFileReference; lastKnownFileType = file.xib; path = ContactCell.xib; sourceTree = "<group>"; };
		0383281828490D77005F0837 /* ContactCell.swift */ = {isa = PBXFileReference; lastKnownFileType = sourcecode.swift; path = ContactCell.swift; sourceTree = "<group>"; };
		0383281A2849111B005F0837 /* ContactListDataSource.swift */ = {isa = PBXFileReference; lastKnownFileType = sourcecode.swift; path = ContactListDataSource.swift; sourceTree = "<group>"; };
		0383281E2849279F005F0837 /* ContactListFlowLayout.swift */ = {isa = PBXFileReference; lastKnownFileType = sourcecode.swift; path = ContactListFlowLayout.swift; sourceTree = "<group>"; };
		03C5DA70284A4287002F8B72 /* ContactForm.storyboard */ = {isa = PBXFileReference; lastKnownFileType = file.storyboard; path = ContactForm.storyboard; sourceTree = "<group>"; };
		03C5DA72284A42D2002F8B72 /* ContactFormViewController.swift */ = {isa = PBXFileReference; lastKnownFileType = sourcecode.swift; path = ContactFormViewController.swift; sourceTree = "<group>"; };
		03C5DA76284A6EAB002F8B72 /* FormPagesView.swift */ = {isa = PBXFileReference; lastKnownFileType = sourcecode.swift; path = FormPagesView.swift; sourceTree = "<group>"; };
		03C5DA7A284A7003002F8B72 /* FormPageOneViewController.swift */ = {isa = PBXFileReference; lastKnownFileType = sourcecode.swift; path = FormPageOneViewController.swift; sourceTree = "<group>"; };
		03C5DA7C284A701E002F8B72 /* FormPageOne.xib */ = {isa = PBXFileReference; lastKnownFileType = file.xib; path = FormPageOne.xib; sourceTree = "<group>"; };
		03C5DA7E284A7030002F8B72 /* FormPageTwoViewController.swift */ = {isa = PBXFileReference; lastKnownFileType = sourcecode.swift; path = FormPageTwoViewController.swift; sourceTree = "<group>"; };
		03C5DA80284A703D002F8B72 /* FormPageTwo.xib */ = {isa = PBXFileReference; lastKnownFileType = file.xib; path = FormPageTwo.xib; sourceTree = "<group>"; };
/* End PBXFileReference section */

/* Begin PBXFrameworksBuildPhase section */
		03439B672848E6BF004C2CED /* Frameworks */ = {
			isa = PBXFrameworksBuildPhase;
			buildActionMask = 2147483647;
			files = (
			);
			runOnlyForDeploymentPostprocessing = 0;
		};
		03439B7D2848E6C1004C2CED /* Frameworks */ = {
			isa = PBXFrameworksBuildPhase;
			buildActionMask = 2147483647;
			files = (
			);
			runOnlyForDeploymentPostprocessing = 0;
		};
		03439B872848E6C1004C2CED /* Frameworks */ = {
			isa = PBXFrameworksBuildPhase;
			buildActionMask = 2147483647;
			files = (
			);
			runOnlyForDeploymentPostprocessing = 0;
		};
/* End PBXFrameworksBuildPhase section */

/* Begin PBXGroup section */
		03439B612848E6BF004C2CED = {
			isa = PBXGroup;
			children = (
				03439B6C2848E6BF004C2CED /* MVVMExample */,
				03439B832848E6C1004C2CED /* MVVMExampleTests */,
				03439B8D2848E6C1004C2CED /* MVVMExampleUITests */,
				03439B6B2848E6BF004C2CED /* Products */,
			);
			sourceTree = "<group>";
		};
		03439B6B2848E6BF004C2CED /* Products */ = {
			isa = PBXGroup;
			children = (
				03439B6A2848E6BF004C2CED /* MVVMExample.app */,
				03439B802848E6C1004C2CED /* MVVMExampleTests.xctest */,
				03439B8A2848E6C1004C2CED /* MVVMExampleUITests.xctest */,
			);
			name = Products;
			sourceTree = "<group>";
		};
		03439B6C2848E6BF004C2CED /* MVVMExample */ = {
			isa = PBXGroup;
			children = (
				03439B6D2848E6BF004C2CED /* AppDelegate.swift */,
				03439B6F2848E6BF004C2CED /* SceneDelegate.swift */,
				03439B762848E6C1004C2CED /* Assets.xcassets */,
				03439B782848E6C1004C2CED /* LaunchScreen.storyboard */,
				03439B7B2848E6C1004C2CED /* Info.plist */,
				0383280A2848F072005F0837 /* Models */,
				0383280D2848F0E4005F0837 /* Screens */,
			);
			path = MVVMExample;
			sourceTree = "<group>";
		};
		03439B832848E6C1004C2CED /* MVVMExampleTests */ = {
			isa = PBXGroup;
			children = (
				03439B842848E6C1004C2CED /* MVVMExampleTests.swift */,
			);
			path = MVVMExampleTests;
			sourceTree = "<group>";
		};
		03439B8D2848E6C1004C2CED /* MVVMExampleUITests */ = {
			isa = PBXGroup;
			children = (
				03439B8E2848E6C1004C2CED /* MVVMExampleUITests.swift */,
				03439B902848E6C1004C2CED /* MVVMExampleUITestsLaunchTests.swift */,
			);
			path = MVVMExampleUITests;
			sourceTree = "<group>";
		};
		0383280A2848F072005F0837 /* Models */ = {
			isa = PBXGroup;
			children = (
				0383280B2848F098005F0837 /* Contact.swift */,
			);
			path = Models;
			sourceTree = "<group>";
		};
		0383280D2848F0E4005F0837 /* Screens */ = {
			isa = PBXGroup;
			children = (
				03C5DA6F284A4268002F8B72 /* ContactForm */,
				0383280E2848F0F7005F0837 /* ContactList */,
			);
			path = Screens;
			sourceTree = "<group>";
		};
		0383280E2848F0F7005F0837 /* ContactList */ = {
			isa = PBXGroup;
			children = (
				0383281528490D21005F0837 /* Components */,
				03C5DA6E284A3F62002F8B72 /* Delegates */,
				0383280F2848F11A005F0837 /* ContactList.storyboard */,
				0383281A2849111B005F0837 /* ContactListDataSource.swift */,
				0383281128490A45005F0837 /* ContactListViewController.swift */,
			);
			path = ContactList;
			sourceTree = "<group>";
		};
		0383281528490D21005F0837 /* Components */ = {
			isa = PBXGroup;
			children = (
				0383281628490D49005F0837 /* ContactCell.xib */,
				0383281828490D77005F0837 /* ContactCell.swift */,
			);
			path = Components;
			sourceTree = "<group>";
		};
		03C5DA6E284A3F62002F8B72 /* Delegates */ = {
			isa = PBXGroup;
			children = (
				0383281E2849279F005F0837 /* ContactListFlowLayout.swift */,
			);
			path = Delegates;
			sourceTree = "<group>";
		};
		03C5DA6F284A4268002F8B72 /* ContactForm */ = {
			isa = PBXGroup;
			children = (
				03C5DA74284A6E6A002F8B72 /* Components */,
				03C5DA70284A4287002F8B72 /* ContactForm.storyboard */,
				03C5DA72284A42D2002F8B72 /* ContactFormViewController.swift */,
			);
			path = ContactForm;
			sourceTree = "<group>";
		};
		03C5DA74284A6E6A002F8B72 /* Components */ = {
			isa = PBXGroup;
			children = (
				03C5DA75284A6E82002F8B72 /* FormPages */,
				03C5DA78284A6FBE002F8B72 /* FormPageOne */,
				03C5DA79284A6FCB002F8B72 /* FormPageTwo */,
			);
			path = Components;
			sourceTree = "<group>";
		};
		03C5DA75284A6E82002F8B72 /* FormPages */ = {
			isa = PBXGroup;
			children = (
				03C5DA76284A6EAB002F8B72 /* FormPagesView.swift */,
			);
			path = FormPages;
			sourceTree = "<group>";
		};
		03C5DA78284A6FBE002F8B72 /* FormPageOne */ = {
			isa = PBXGroup;
			children = (
				03C5DA7A284A7003002F8B72 /* FormPageOneViewController.swift */,
				03C5DA7C284A701E002F8B72 /* FormPageOne.xib */,
			);
			path = FormPageOne;
			sourceTree = "<group>";
		};
		03C5DA79284A6FCB002F8B72 /* FormPageTwo */ = {
			isa = PBXGroup;
			children = (
				03C5DA7E284A7030002F8B72 /* FormPageTwoViewController.swift */,
				03C5DA80284A703D002F8B72 /* FormPageTwo.xib */,
			);
			path = FormPageTwo;
			sourceTree = "<group>";
		};
/* End PBXGroup section */

/* Begin PBXNativeTarget section */
		03439B692848E6BF004C2CED /* MVVMExample */ = {
			isa = PBXNativeTarget;
			buildConfigurationList = 03439B942848E6C1004C2CED /* Build configuration list for PBXNativeTarget "MVVMExample" */;
			buildPhases = (
				03BE73262848EC430041A816 /* ShellScript */,
				03439B662848E6BF004C2CED /* Sources */,
				03439B672848E6BF004C2CED /* Frameworks */,
				03439B682848E6BF004C2CED /* Resources */,
			);
			buildRules = (
			);
			dependencies = (
			);
			name = MVVMExample;
			productName = MVVMExample;
			productReference = 03439B6A2848E6BF004C2CED /* MVVMExample.app */;
			productType = "com.apple.product-type.application";
		};
		03439B7F2848E6C1004C2CED /* MVVMExampleTests */ = {
			isa = PBXNativeTarget;
			buildConfigurationList = 03439B972848E6C1004C2CED /* Build configuration list for PBXNativeTarget "MVVMExampleTests" */;
			buildPhases = (
				03439B7C2848E6C1004C2CED /* Sources */,
				03439B7D2848E6C1004C2CED /* Frameworks */,
				03439B7E2848E6C1004C2CED /* Resources */,
			);
			buildRules = (
			);
			dependencies = (
				03439B822848E6C1004C2CED /* PBXTargetDependency */,
			);
			name = MVVMExampleTests;
			productName = MVVMExampleTests;
			productReference = 03439B802848E6C1004C2CED /* MVVMExampleTests.xctest */;
			productType = "com.apple.product-type.bundle.unit-test";
		};
		03439B892848E6C1004C2CED /* MVVMExampleUITests */ = {
			isa = PBXNativeTarget;
			buildConfigurationList = 03439B9A2848E6C1004C2CED /* Build configuration list for PBXNativeTarget "MVVMExampleUITests" */;
			buildPhases = (
				03439B862848E6C1004C2CED /* Sources */,
				03439B872848E6C1004C2CED /* Frameworks */,
				03439B882848E6C1004C2CED /* Resources */,
			);
			buildRules = (
			);
			dependencies = (
				03439B8C2848E6C1004C2CED /* PBXTargetDependency */,
			);
			name = MVVMExampleUITests;
			productName = MVVMExampleUITests;
			productReference = 03439B8A2848E6C1004C2CED /* MVVMExampleUITests.xctest */;
			productType = "com.apple.product-type.bundle.ui-testing";
		};
/* End PBXNativeTarget section */

/* Begin PBXProject section */
		03439B622848E6BF004C2CED /* Project object */ = {
			isa = PBXProject;
			attributes = {
				BuildIndependentTargetsInParallel = 1;
				LastSwiftUpdateCheck = 1330;
				LastUpgradeCheck = 1330;
				TargetAttributes = {
					03439B692848E6BF004C2CED = {
						CreatedOnToolsVersion = 13.3.1;
					};
					03439B7F2848E6C1004C2CED = {
						CreatedOnToolsVersion = 13.3.1;
						TestTargetID = 03439B692848E6BF004C2CED;
					};
					03439B892848E6C1004C2CED = {
						CreatedOnToolsVersion = 13.3.1;
						TestTargetID = 03439B692848E6BF004C2CED;
					};
				};
			};
			buildConfigurationList = 03439B652848E6BF004C2CED /* Build configuration list for PBXProject "MVVMExample" */;
			compatibilityVersion = "Xcode 13.0";
			developmentRegion = en;
			hasScannedForEncodings = 0;
			knownRegions = (
				en,
				Base,
			);
			mainGroup = 03439B612848E6BF004C2CED;
			productRefGroup = 03439B6B2848E6BF004C2CED /* Products */;
			projectDirPath = "";
			projectRoot = "";
			targets = (
				03439B692848E6BF004C2CED /* MVVMExample */,
				03439B7F2848E6C1004C2CED /* MVVMExampleTests */,
				03439B892848E6C1004C2CED /* MVVMExampleUITests */,
			);
		};
/* End PBXProject section */

/* Begin PBXResourcesBuildPhase section */
		03439B682848E6BF004C2CED /* Resources */ = {
			isa = PBXResourcesBuildPhase;
			buildActionMask = 2147483647;
			files = (
				0383281728490D49005F0837 /* ContactCell.xib in Resources */,
				03C5DA81284A703D002F8B72 /* FormPageTwo.xib in Resources */,
				03C5DA7D284A701E002F8B72 /* FormPageOne.xib in Resources */,
				03C5DA71284A4287002F8B72 /* ContactForm.storyboard in Resources */,
				03439B7A2848E6C1004C2CED /* LaunchScreen.storyboard in Resources */,
				038328102848F11A005F0837 /* ContactList.storyboard in Resources */,
				03439B772848E6C1004C2CED /* Assets.xcassets in Resources */,
			);
			runOnlyForDeploymentPostprocessing = 0;
		};
		03439B7E2848E6C1004C2CED /* Resources */ = {
			isa = PBXResourcesBuildPhase;
			buildActionMask = 2147483647;
			files = (
			);
			runOnlyForDeploymentPostprocessing = 0;
		};
		03439B882848E6C1004C2CED /* Resources */ = {
			isa = PBXResourcesBuildPhase;
			buildActionMask = 2147483647;
			files = (
			);
			runOnlyForDeploymentPostprocessing = 0;
		};
/* End PBXResourcesBuildPhase section */

/* Begin PBXShellScriptBuildPhase section */
		03BE73262848EC430041A816 /* ShellScript */ = {
			isa = PBXShellScriptBuildPhase;
			buildActionMask = 2147483647;
			files = (
			);
			inputFileListPaths = (
			);
			inputPaths = (
			);
			outputFileListPaths = (
			);
			outputPaths = (
			);
			runOnlyForDeploymentPostprocessing = 0;
			shellPath = /bin/sh;
			shellScript = "cd BuildTools\nSDKROOT=(xcrun --sdk macosx --show-sdk-path)\n#swift package update #Uncomment this line temporarily to update the version used to the latest matching your BuildTools/Package.swift file\nswift run -c release swiftformat \"$SRCROOT\"\n";
		};
/* End PBXShellScriptBuildPhase section */

/* Begin PBXSourcesBuildPhase section */
		03439B662848E6BF004C2CED /* Sources */ = {
			isa = PBXSourcesBuildPhase;
			buildActionMask = 2147483647;
			files = (
				03C5DA7B284A7003002F8B72 /* FormPageOneViewController.swift in Sources */,
				03C5DA7F284A7030002F8B72 /* FormPageTwoViewController.swift in Sources */,
				0383281928490D77005F0837 /* ContactCell.swift in Sources */,
				03C5DA73284A42D2002F8B72 /* ContactFormViewController.swift in Sources */,
				0383280C2848F098005F0837 /* Contact.swift in Sources */,
				03439B6E2848E6BF004C2CED /* AppDelegate.swift in Sources */,
				03C5DA77284A6EAB002F8B72 /* FormPagesView.swift in Sources */,
				0383281B2849111B005F0837 /* ContactListDataSource.swift in Sources */,
				0383281F2849279F005F0837 /* ContactListFlowLayout.swift in Sources */,
				03439B702848E6BF004C2CED /* SceneDelegate.swift in Sources */,
				0383281228490A45005F0837 /* ContactListViewController.swift in Sources */,
			);
			runOnlyForDeploymentPostprocessing = 0;
		};
		03439B7C2848E6C1004C2CED /* Sources */ = {
			isa = PBXSourcesBuildPhase;
			buildActionMask = 2147483647;
			files = (
				03439B852848E6C1004C2CED /* MVVMExampleTests.swift in Sources */,
			);
			runOnlyForDeploymentPostprocessing = 0;
		};
		03439B862848E6C1004C2CED /* Sources */ = {
			isa = PBXSourcesBuildPhase;
			buildActionMask = 2147483647;
			files = (
				03439B8F2848E6C1004C2CED /* MVVMExampleUITests.swift in Sources */,
				03439B912848E6C1004C2CED /* MVVMExampleUITestsLaunchTests.swift in Sources */,
			);
			runOnlyForDeploymentPostprocessing = 0;
		};
/* End PBXSourcesBuildPhase section */

/* Begin PBXTargetDependency section */
		03439B822848E6C1004C2CED /* PBXTargetDependency */ = {
			isa = PBXTargetDependency;
			target = 03439B692848E6BF004C2CED /* MVVMExample */;
			targetProxy = 03439B812848E6C1004C2CED /* PBXContainerItemProxy */;
		};
		03439B8C2848E6C1004C2CED /* PBXTargetDependency */ = {
			isa = PBXTargetDependency;
			target = 03439B692848E6BF004C2CED /* MVVMExample */;
			targetProxy = 03439B8B2848E6C1004C2CED /* PBXContainerItemProxy */;
		};
/* End PBXTargetDependency section */

/* Begin PBXVariantGroup section */
		03439B782848E6C1004C2CED /* LaunchScreen.storyboard */ = {
			isa = PBXVariantGroup;
			children = (
				03439B792848E6C1004C2CED /* Base */,
			);
			name = LaunchScreen.storyboard;
			sourceTree = "<group>";
		};
/* End PBXVariantGroup section */

/* Begin XCBuildConfiguration section */
		03439B922848E6C1004C2CED /* Debug */ = {
			isa = XCBuildConfiguration;
			buildSettings = {
				ALWAYS_SEARCH_USER_PATHS = NO;
				CLANG_ANALYZER_NONNULL = YES;
				CLANG_ANALYZER_NUMBER_OBJECT_CONVERSION = YES_AGGRESSIVE;
				CLANG_CXX_LANGUAGE_STANDARD = "gnu++17";
				CLANG_ENABLE_MODULES = YES;
				CLANG_ENABLE_OBJC_ARC = YES;
				CLANG_ENABLE_OBJC_WEAK = YES;
				CLANG_WARN_BLOCK_CAPTURE_AUTORELEASING = YES;
				CLANG_WARN_BOOL_CONVERSION = YES;
				CLANG_WARN_COMMA = YES;
				CLANG_WARN_CONSTANT_CONVERSION = YES;
				CLANG_WARN_DEPRECATED_OBJC_IMPLEMENTATIONS = YES;
				CLANG_WARN_DIRECT_OBJC_ISA_USAGE = YES_ERROR;
				CLANG_WARN_DOCUMENTATION_COMMENTS = YES;
				CLANG_WARN_EMPTY_BODY = YES;
				CLANG_WARN_ENUM_CONVERSION = YES;
				CLANG_WARN_INFINITE_RECURSION = YES;
				CLANG_WARN_INT_CONVERSION = YES;
				CLANG_WARN_NON_LITERAL_NULL_CONVERSION = YES;
				CLANG_WARN_OBJC_IMPLICIT_RETAIN_SELF = YES;
				CLANG_WARN_OBJC_LITERAL_CONVERSION = YES;
				CLANG_WARN_OBJC_ROOT_CLASS = YES_ERROR;
				CLANG_WARN_QUOTED_INCLUDE_IN_FRAMEWORK_HEADER = YES;
				CLANG_WARN_RANGE_LOOP_ANALYSIS = YES;
				CLANG_WARN_STRICT_PROTOTYPES = YES;
				CLANG_WARN_SUSPICIOUS_MOVE = YES;
				CLANG_WARN_UNGUARDED_AVAILABILITY = YES_AGGRESSIVE;
				CLANG_WARN_UNREACHABLE_CODE = YES;
				CLANG_WARN__DUPLICATE_METHOD_MATCH = YES;
				COPY_PHASE_STRIP = NO;
				DEBUG_INFORMATION_FORMAT = dwarf;
				ENABLE_STRICT_OBJC_MSGSEND = YES;
				ENABLE_TESTABILITY = YES;
				GCC_C_LANGUAGE_STANDARD = gnu11;
				GCC_DYNAMIC_NO_PIC = NO;
				GCC_NO_COMMON_BLOCKS = YES;
				GCC_OPTIMIZATION_LEVEL = 0;
				GCC_PREPROCESSOR_DEFINITIONS = (
					"DEBUG=1",
					"$(inherited)",
				);
				GCC_WARN_64_TO_32_BIT_CONVERSION = YES;
				GCC_WARN_ABOUT_RETURN_TYPE = YES_ERROR;
				GCC_WARN_UNDECLARED_SELECTOR = YES;
				GCC_WARN_UNINITIALIZED_AUTOS = YES_AGGRESSIVE;
				GCC_WARN_UNUSED_FUNCTION = YES;
				GCC_WARN_UNUSED_VARIABLE = YES;
				IPHONEOS_DEPLOYMENT_TARGET = 15.4;
				MTL_ENABLE_DEBUG_INFO = INCLUDE_SOURCE;
				MTL_FAST_MATH = YES;
				ONLY_ACTIVE_ARCH = YES;
				SDKROOT = iphoneos;
				SWIFT_ACTIVE_COMPILATION_CONDITIONS = DEBUG;
				SWIFT_OPTIMIZATION_LEVEL = "-Onone";
			};
			name = Debug;
		};
		03439B932848E6C1004C2CED /* Release */ = {
			isa = XCBuildConfiguration;
			buildSettings = {
				ALWAYS_SEARCH_USER_PATHS = NO;
				CLANG_ANALYZER_NONNULL = YES;
				CLANG_ANALYZER_NUMBER_OBJECT_CONVERSION = YES_AGGRESSIVE;
				CLANG_CXX_LANGUAGE_STANDARD = "gnu++17";
				CLANG_ENABLE_MODULES = YES;
				CLANG_ENABLE_OBJC_ARC = YES;
				CLANG_ENABLE_OBJC_WEAK = YES;
				CLANG_WARN_BLOCK_CAPTURE_AUTORELEASING = YES;
				CLANG_WARN_BOOL_CONVERSION = YES;
				CLANG_WARN_COMMA = YES;
				CLANG_WARN_CONSTANT_CONVERSION = YES;
				CLANG_WARN_DEPRECATED_OBJC_IMPLEMENTATIONS = YES;
				CLANG_WARN_DIRECT_OBJC_ISA_USAGE = YES_ERROR;
				CLANG_WARN_DOCUMENTATION_COMMENTS = YES;
				CLANG_WARN_EMPTY_BODY = YES;
				CLANG_WARN_ENUM_CONVERSION = YES;
				CLANG_WARN_INFINITE_RECURSION = YES;
				CLANG_WARN_INT_CONVERSION = YES;
				CLANG_WARN_NON_LITERAL_NULL_CONVERSION = YES;
				CLANG_WARN_OBJC_IMPLICIT_RETAIN_SELF = YES;
				CLANG_WARN_OBJC_LITERAL_CONVERSION = YES;
				CLANG_WARN_OBJC_ROOT_CLASS = YES_ERROR;
				CLANG_WARN_QUOTED_INCLUDE_IN_FRAMEWORK_HEADER = YES;
				CLANG_WARN_RANGE_LOOP_ANALYSIS = YES;
				CLANG_WARN_STRICT_PROTOTYPES = YES;
				CLANG_WARN_SUSPICIOUS_MOVE = YES;
				CLANG_WARN_UNGUARDED_AVAILABILITY = YES_AGGRESSIVE;
				CLANG_WARN_UNREACHABLE_CODE = YES;
				CLANG_WARN__DUPLICATE_METHOD_MATCH = YES;
				COPY_PHASE_STRIP = NO;
				DEBUG_INFORMATION_FORMAT = "dwarf-with-dsym";
				ENABLE_NS_ASSERTIONS = NO;
				ENABLE_STRICT_OBJC_MSGSEND = YES;
				GCC_C_LANGUAGE_STANDARD = gnu11;
				GCC_NO_COMMON_BLOCKS = YES;
				GCC_WARN_64_TO_32_BIT_CONVERSION = YES;
				GCC_WARN_ABOUT_RETURN_TYPE = YES_ERROR;
				GCC_WARN_UNDECLARED_SELECTOR = YES;
				GCC_WARN_UNINITIALIZED_AUTOS = YES_AGGRESSIVE;
				GCC_WARN_UNUSED_FUNCTION = YES;
				GCC_WARN_UNUSED_VARIABLE = YES;
				IPHONEOS_DEPLOYMENT_TARGET = 15.4;
				MTL_ENABLE_DEBUG_INFO = NO;
				MTL_FAST_MATH = YES;
				SDKROOT = iphoneos;
				SWIFT_COMPILATION_MODE = wholemodule;
				SWIFT_OPTIMIZATION_LEVEL = "-O";
				VALIDATE_PRODUCT = YES;
			};
			name = Release;
		};
		03439B952848E6C1004C2CED /* Debug */ = {
			isa = XCBuildConfiguration;
			buildSettings = {
				ASSETCATALOG_COMPILER_APPICON_NAME = AppIcon;
				ASSETCATALOG_COMPILER_GLOBAL_ACCENT_COLOR_NAME = AccentColor;
				CODE_SIGN_STYLE = Automatic;
				CURRENT_PROJECT_VERSION = 1;
				GENERATE_INFOPLIST_FILE = YES;
				INFOPLIST_FILE = MVVMExample/Info.plist;
				INFOPLIST_KEY_UIApplicationSupportsIndirectInputEvents = YES;
				INFOPLIST_KEY_UILaunchStoryboardName = LaunchScreen;
				INFOPLIST_KEY_UISupportedInterfaceOrientations_iPad = "UIInterfaceOrientationPortrait UIInterfaceOrientationPortraitUpsideDown UIInterfaceOrientationLandscapeLeft UIInterfaceOrientationLandscapeRight";
				INFOPLIST_KEY_UISupportedInterfaceOrientations_iPhone = "UIInterfaceOrientationPortrait UIInterfaceOrientationLandscapeLeft UIInterfaceOrientationLandscapeRight";
				LD_RUNPATH_SEARCH_PATHS = (
					"$(inherited)",
					"@executable_path/Frameworks",
				);
				MARKETING_VERSION = 1.0;
				PRODUCT_BUNDLE_IDENTIFIER = com.example.MVVMExample;
				PRODUCT_NAME = "$(TARGET_NAME)";
				SWIFT_EMIT_LOC_STRINGS = YES;
				SWIFT_VERSION = 5.0;
				TARGETED_DEVICE_FAMILY = 2;
			};
			name = Debug;
		};
		03439B962848E6C1004C2CED /* Release */ = {
			isa = XCBuildConfiguration;
			buildSettings = {
				ASSETCATALOG_COMPILER_APPICON_NAME = AppIcon;
				ASSETCATALOG_COMPILER_GLOBAL_ACCENT_COLOR_NAME = AccentColor;
				CODE_SIGN_STYLE = Automatic;
				CURRENT_PROJECT_VERSION = 1;
				GENERATE_INFOPLIST_FILE = YES;
				INFOPLIST_FILE = MVVMExample/Info.plist;
				INFOPLIST_KEY_UIApplicationSupportsIndirectInputEvents = YES;
				INFOPLIST_KEY_UILaunchStoryboardName = LaunchScreen;
				INFOPLIST_KEY_UISupportedInterfaceOrientations_iPad = "UIInterfaceOrientationPortrait UIInterfaceOrientationPortraitUpsideDown UIInterfaceOrientationLandscapeLeft UIInterfaceOrientationLandscapeRight";
				INFOPLIST_KEY_UISupportedInterfaceOrientations_iPhone = "UIInterfaceOrientationPortrait UIInterfaceOrientationLandscapeLeft UIInterfaceOrientationLandscapeRight";
				LD_RUNPATH_SEARCH_PATHS = (
					"$(inherited)",
					"@executable_path/Frameworks",
				);
				MARKETING_VERSION = 1.0;
				PRODUCT_BUNDLE_IDENTIFIER = com.example.MVVMExample;
				PRODUCT_NAME = "$(TARGET_NAME)";
				SWIFT_EMIT_LOC_STRINGS = YES;
				SWIFT_VERSION = 5.0;
				TARGETED_DEVICE_FAMILY = 2;
			};
			name = Release;
		};
		03439B982848E6C1004C2CED /* Debug */ = {
			isa = XCBuildConfiguration;
			buildSettings = {
				ALWAYS_EMBED_SWIFT_STANDARD_LIBRARIES = YES;
				BUNDLE_LOADER = "$(TEST_HOST)";
				CODE_SIGN_STYLE = Automatic;
				CURRENT_PROJECT_VERSION = 1;
				GENERATE_INFOPLIST_FILE = YES;
				IPHONEOS_DEPLOYMENT_TARGET = 15.4;
				MARKETING_VERSION = 1.0;
				PRODUCT_BUNDLE_IDENTIFIER = com.example.MVVMExampleTests;
				PRODUCT_NAME = "$(TARGET_NAME)";
				SWIFT_EMIT_LOC_STRINGS = NO;
				SWIFT_VERSION = 5.0;
				TARGETED_DEVICE_FAMILY = "1,2";
				TEST_HOST = "$(BUILT_PRODUCTS_DIR)/MVVMExample.app/MVVMExample";
			};
			name = Debug;
		};
		03439B992848E6C1004C2CED /* Release */ = {
			isa = XCBuildConfiguration;
			buildSettings = {
				ALWAYS_EMBED_SWIFT_STANDARD_LIBRARIES = YES;
				BUNDLE_LOADER = "$(TEST_HOST)";
				CODE_SIGN_STYLE = Automatic;
				CURRENT_PROJECT_VERSION = 1;
				GENERATE_INFOPLIST_FILE = YES;
				IPHONEOS_DEPLOYMENT_TARGET = 15.4;
				MARKETING_VERSION = 1.0;
				PRODUCT_BUNDLE_IDENTIFIER = com.example.MVVMExampleTests;
				PRODUCT_NAME = "$(TARGET_NAME)";
				SWIFT_EMIT_LOC_STRINGS = NO;
				SWIFT_VERSION = 5.0;
				TARGETED_DEVICE_FAMILY = "1,2";
				TEST_HOST = "$(BUILT_PRODUCTS_DIR)/MVVMExample.app/MVVMExample";
			};
			name = Release;
		};
		03439B9B2848E6C1004C2CED /* Debug */ = {
			isa = XCBuildConfiguration;
			buildSettings = {
				ALWAYS_EMBED_SWIFT_STANDARD_LIBRARIES = YES;
				CODE_SIGN_STYLE = Automatic;
				CURRENT_PROJECT_VERSION = 1;
				GENERATE_INFOPLIST_FILE = YES;
				MARKETING_VERSION = 1.0;
				PRODUCT_BUNDLE_IDENTIFIER = com.example.MVVMExampleUITests;
				PRODUCT_NAME = "$(TARGET_NAME)";
				SWIFT_EMIT_LOC_STRINGS = NO;
				SWIFT_VERSION = 5.0;
				TARGETED_DEVICE_FAMILY = "1,2";
				TEST_TARGET_NAME = MVVMExample;
			};
			name = Debug;
		};
		03439B9C2848E6C1004C2CED /* Release */ = {
			isa = XCBuildConfiguration;
			buildSettings = {
				ALWAYS_EMBED_SWIFT_STANDARD_LIBRARIES = YES;
				CODE_SIGN_STYLE = Automatic;
				CURRENT_PROJECT_VERSION = 1;
				GENERATE_INFOPLIST_FILE = YES;
				MARKETING_VERSION = 1.0;
				PRODUCT_BUNDLE_IDENTIFIER = com.example.MVVMExampleUITests;
				PRODUCT_NAME = "$(TARGET_NAME)";
				SWIFT_EMIT_LOC_STRINGS = NO;
				SWIFT_VERSION = 5.0;
				TARGETED_DEVICE_FAMILY = "1,2";
				TEST_TARGET_NAME = MVVMExample;
			};
			name = Release;
		};
/* End XCBuildConfiguration section */

/* Begin XCConfigurationList section */
		03439B652848E6BF004C2CED /* Build configuration list for PBXProject "MVVMExample" */ = {
			isa = XCConfigurationList;
			buildConfigurations = (
				03439B922848E6C1004C2CED /* Debug */,
				03439B932848E6C1004C2CED /* Release */,
			);
			defaultConfigurationIsVisible = 0;
			defaultConfigurationName = Release;
		};
		03439B942848E6C1004C2CED /* Build configuration list for PBXNativeTarget "MVVMExample" */ = {
			isa = XCConfigurationList;
			buildConfigurations = (
				03439B952848E6C1004C2CED /* Debug */,
				03439B962848E6C1004C2CED /* Release */,
			);
			defaultConfigurationIsVisible = 0;
			defaultConfigurationName = Release;
		};
		03439B972848E6C1004C2CED /* Build configuration list for PBXNativeTarget "MVVMExampleTests" */ = {
			isa = XCConfigurationList;
			buildConfigurations = (
				03439B982848E6C1004C2CED /* Debug */,
				03439B992848E6C1004C2CED /* Release */,
			);
			defaultConfigurationIsVisible = 0;
			defaultConfigurationName = Release;
		};
		03439B9A2848E6C1004C2CED /* Build configuration list for PBXNativeTarget "MVVMExampleUITests" */ = {
			isa = XCConfigurationList;
			buildConfigurations = (
				03439B9B2848E6C1004C2CED /* Debug */,
				03439B9C2848E6C1004C2CED /* Release */,
			);
			defaultConfigurationIsVisible = 0;
			defaultConfigurationName = Release;
		};
/* End XCConfigurationList section */
	};
	rootObject = 03439B622848E6BF004C2CED /* Project object */;
}
